github.com/appleboy/go-fcm v0.1.5 h1:fKbcZf/7vwGsvDkcop8a+kCHnK+tt4wXX0X7uEzwI6E=
github.com/appleboy/go-fcm v0.1.5/go.mod h1:MSxZ4LqGRsnywOjnlXJXMqbjZrG4vf+0oHitfC9HRH0=
github.com/go-chi/chi/v5 v5.0.11 h1:BnpYbFZ3T3S1WMpD79r7R5ThWX40TaFB7L31Y8xqSwA=
github.com/go-chi/chi/v5 v5.0.11/go.mod h1:DslCQbL2OYiznFReuXYUmQ2hGd1aDpCnlMNITLSKoi8=
